
Microsoft Visual Studio Solution File, Format Version 12.00
# Visual Studio 15
VisualStudioVersion = 15.0.28010.2003
MinimumVisualStudioVersion = 10.0.40219.1
Project("{FAE04EC0-301F-11D3-BF4B-00C04F79EFBC}") = "Conversores_VersionFull", "Conversores_VersionFull\Conversores_VersionFull.csproj", "{22E9FC39-0E02-4D5E-B208-54CCD1C9AAAE}"
EndProject
Global
	GlobalSection(SolutionConfigurationPlatforms) = preSolution
		Debug|Any CPU = Debug|Any CPU
		Release|Any CPU = Release|Any CPU
	EndGlobalSection
	GlobalSection(ProjectConfigurationPlatforms) = postSolution
		{22E9FC39-0E02-4D5E-B208-54CCD1C9AAAE}.Debug|Any CPU.ActiveCfg = Debug|Any CPU
		{22E9FC39-0E02-4D5E-B208-54CCD1C9AAAE}.Debug|Any CPU.Build.0 = Debug|Any CPU
		{22E9FC39-0E02-4D5E-B208-54CCD1C9AAAE}.Release|Any CPU.ActiveCfg = Release|Any CPU
		{22E9FC39-0E02-4D5E-B208-54CCD1C9AAAE}.Release|Any CPU.Build.0 = Release|Any CPU
	EndGlobalSection
	GlobalSection(SolutionProperties) = preSolution
		HideSolutionNode = FALSE
	EndGlobalSection
	GlobalSection(ExtensibilityGlobals) = postSolution
		SolutionGuid = {00A03F9F-2279-4978-833E-B5D3DD3E9F57}
	EndGlobalSection
EndGlobal
